// !$*UTF8*$!
{
	archiveVersion = 1;
	classes = {
	};
	objectVersion = 56;
	objects = {

/* Begin PBXBuildFile section */
		7E61FAA42BA51A97005C9786 /* ReceiptListViewCellTests.swift in Sources */ = {isa = PBXBuildFile; fileRef = 7E61FAA32BA51A97005C9786 /* ReceiptListViewCellTests.swift */; };
		7E61FAA72BA5458D005C9786 /* iOSSnapshotTestCase in Frameworks */ = {isa = PBXBuildFile; productRef = 7E61FAA62BA5458D005C9786 /* iOSSnapshotTestCase */; };
		7E61FAAA2BA54A34005C9786 /* ReceiptListViewModelCell+Stub.swift in Sources */ = {isa = PBXBuildFile; fileRef = 7E61FAA92BA54A34005C9786 /* ReceiptListViewModelCell+Stub.swift */; };
		7E88671E2BA072DA008AFE4F /* ReceiptProtocols.swift in Sources */ = {isa = PBXBuildFile; fileRef = 7E88671D2BA072DA008AFE4F /* ReceiptProtocols.swift */; };
		7E8867212BA0756A008AFE4F /* ReceiptListViewModelCell.swift in Sources */ = {isa = PBXBuildFile; fileRef = 7E8867202BA0756A008AFE4F /* ReceiptListViewModelCell.swift */; };
		7EA542CC2BA6277500F2E3AB /* ReceiptListViewControllerTests.swift in Sources */ = {isa = PBXBuildFile; fileRef = 7EA542CB2BA6277500F2E3AB /* ReceiptListViewControllerTests.swift */; };
		7EA542CF2BA62BEF00F2E3AB /* ReceiptListViewSpy.swift in Sources */ = {isa = PBXBuildFile; fileRef = 7EA542CE2BA62BEF00F2E3AB /* ReceiptListViewSpy.swift */; };
		7EA542D12BA6721D00F2E3AB /* ReceiptListViewTests.swift in Sources */ = {isa = PBXBuildFile; fileRef = 7EA542D02BA6721D00F2E3AB /* ReceiptListViewTests.swift */; };
		7EA542D52BA674AA00F2E3AB /* ReceiptViewController.swift in Sources */ = {isa = PBXBuildFile; fileRef = 7EA542D42BA674AA00F2E3AB /* ReceiptViewController.swift */; };
		7EA542D72BA6750100F2E3AB /* ReceiptView.swift in Sources */ = {isa = PBXBuildFile; fileRef = 7EA542D62BA6750100F2E3AB /* ReceiptView.swift */; };
		7EE14B5D2BA0D95F00046883 /* ReceiptData.swift in Sources */ = {isa = PBXBuildFile; fileRef = 7EE14B5C2BA0D95F00046883 /* ReceiptData.swift */; };
		7EFF518D2B9FDCA4004EDED5 /* AppDelegate.swift in Sources */ = {isa = PBXBuildFile; fileRef = 7EFF518C2B9FDCA4004EDED5 /* AppDelegate.swift */; };
		7EFF518F2B9FDCA4004EDED5 /* SceneDelegate.swift in Sources */ = {isa = PBXBuildFile; fileRef = 7EFF518E2B9FDCA4004EDED5 /* SceneDelegate.swift */; };
		7EFF51962B9FDCA5004EDED5 /* Assets.xcassets in Resources */ = {isa = PBXBuildFile; fileRef = 7EFF51952B9FDCA5004EDED5 /* Assets.xcassets */; };
		7EFF51992B9FDCA5004EDED5 /* LaunchScreen.storyboard in Resources */ = {isa = PBXBuildFile; fileRef = 7EFF51972B9FDCA5004EDED5 /* LaunchScreen.storyboard */; };
		7EFF51C12B9FE343004EDED5 /* ReceiptListViewController.swift in Sources */ = {isa = PBXBuildFile; fileRef = 7EFF51C02B9FE343004EDED5 /* ReceiptListViewController.swift */; };
		7EFF51C52B9FE42F004EDED5 /* ReceiptListView.swift in Sources */ = {isa = PBXBuildFile; fileRef = 7EFF51C42B9FE42F004EDED5 /* ReceiptListView.swift */; };
		7EFF51C72B9FEF4F004EDED5 /* ReceiptListViewCell.swift in Sources */ = {isa = PBXBuildFile; fileRef = 7EFF51C62B9FEF4F004EDED5 /* ReceiptListViewCell.swift */; };
/* End PBXBuildFile section */

/* Begin PBXContainerItemProxy section */
		7EFF51A02B9FDCA5004EDED5 /* PBXContainerItemProxy */ = {
			isa = PBXContainerItemProxy;
			containerPortal = 7EFF51812B9FDCA4004EDED5 /* Project object */;
			proxyType = 1;
			remoteGlobalIDString = 7EFF51882B9FDCA4004EDED5;
			remoteInfo = ReceiptApp;
		};
/* End PBXContainerItemProxy section */

/* Begin PBXFileReference section */
		7E61FAA32BA51A97005C9786 /* ReceiptListViewCellTests.swift */ = {isa = PBXFileReference; lastKnownFileType = sourcecode.swift; path = ReceiptListViewCellTests.swift; sourceTree = "<group>"; };
		7E61FAA92BA54A34005C9786 /* ReceiptListViewModelCell+Stub.swift */ = {isa = PBXFileReference; lastKnownFileType = sourcecode.swift; path = "ReceiptListViewModelCell+Stub.swift"; sourceTree = "<group>"; };
		7E88671D2BA072DA008AFE4F /* ReceiptProtocols.swift */ = {isa = PBXFileReference; lastKnownFileType = sourcecode.swift; path = ReceiptProtocols.swift; sourceTree = "<group>"; };
		7E8867202BA0756A008AFE4F /* ReceiptListViewModelCell.swift */ = {isa = PBXFileReference; lastKnownFileType = sourcecode.swift; path = ReceiptListViewModelCell.swift; sourceTree = "<group>"; };
		7EA542CB2BA6277500F2E3AB /* ReceiptListViewControllerTests.swift */ = {isa = PBXFileReference; lastKnownFileType = sourcecode.swift; path = ReceiptListViewControllerTests.swift; sourceTree = "<group>"; };
		7EA542CE2BA62BEF00F2E3AB /* ReceiptListViewSpy.swift */ = {isa = PBXFileReference; lastKnownFileType = sourcecode.swift; path = ReceiptListViewSpy.swift; sourceTree = "<group>"; };
		7EA542D02BA6721D00F2E3AB /* ReceiptListViewTests.swift */ = {isa = PBXFileReference; lastKnownFileType = sourcecode.swift; path = ReceiptListViewTests.swift; sourceTree = "<group>"; };
		7EA542D42BA674AA00F2E3AB /* ReceiptViewController.swift */ = {isa = PBXFileReference; lastKnownFileType = sourcecode.swift; path = ReceiptViewController.swift; sourceTree = "<group>"; };
		7EA542D62BA6750100F2E3AB /* ReceiptView.swift */ = {isa = PBXFileReference; lastKnownFileType = sourcecode.swift; path = ReceiptView.swift; sourceTree = "<group>"; };
		7EE14B5C2BA0D95F00046883 /* ReceiptData.swift */ = {isa = PBXFileReference; lastKnownFileType = sourcecode.swift; path = ReceiptData.swift; sourceTree = "<group>"; };
		7EFF51892B9FDCA4004EDED5 /* ReceiptApp.app */ = {isa = PBXFileReference; explicitFileType = wrapper.application; includeInIndex = 0; path = ReceiptApp.app; sourceTree = BUILT_PRODUCTS_DIR; };
		7EFF518C2B9FDCA4004EDED5 /* AppDelegate.swift */ = {isa = PBXFileReference; lastKnownFileType = sourcecode.swift; path = AppDelegate.swift; sourceTree = "<group>"; };
		7EFF518E2B9FDCA4004EDED5 /* SceneDelegate.swift */ = {isa = PBXFileReference; lastKnownFileType = sourcecode.swift; path = SceneDelegate.swift; sourceTree = "<group>"; };
		7EFF51952B9FDCA5004EDED5 /* Assets.xcassets */ = {isa = PBXFileReference; lastKnownFileType = folder.assetcatalog; path = Assets.xcassets; sourceTree = "<group>"; };
		7EFF51982B9FDCA5004EDED5 /* Base */ = {isa = PBXFileReference; lastKnownFileType = file.storyboard; name = Base; path = Base.lproj/LaunchScreen.storyboard; sourceTree = "<group>"; };
		7EFF519A2B9FDCA5004EDED5 /* Info.plist */ = {isa = PBXFileReference; lastKnownFileType = text.plist.xml; path = Info.plist; sourceTree = "<group>"; };
		7EFF519F2B9FDCA5004EDED5 /* ReceiptAppTests.xctest */ = {isa = PBXFileReference; explicitFileType = wrapper.cfbundle; includeInIndex = 0; path = ReceiptAppTests.xctest; sourceTree = BUILT_PRODUCTS_DIR; };
		7EFF51C02B9FE343004EDED5 /* ReceiptListViewController.swift */ = {isa = PBXFileReference; lastKnownFileType = sourcecode.swift; path = ReceiptListViewController.swift; sourceTree = "<group>"; };
		7EFF51C42B9FE42F004EDED5 /* ReceiptListView.swift */ = {isa = PBXFileReference; lastKnownFileType = sourcecode.swift; path = ReceiptListView.swift; sourceTree = "<group>"; };
		7EFF51C62B9FEF4F004EDED5 /* ReceiptListViewCell.swift */ = {isa = PBXFileReference; lastKnownFileType = sourcecode.swift; path = ReceiptListViewCell.swift; sourceTree = "<group>"; };
/* End PBXFileReference section */

/* Begin PBXFrameworksBuildPhase section */
		7EFF51862B9FDCA4004EDED5 /* Frameworks */ = {
			isa = PBXFrameworksBuildPhase;
			buildActionMask = 2147483647;
			files = (
			);
			runOnlyForDeploymentPostprocessing = 0;
		};
		7EFF519C2B9FDCA5004EDED5 /* Frameworks */ = {
			isa = PBXFrameworksBuildPhase;
			buildActionMask = 2147483647;
			files = (
				7E61FAA72BA5458D005C9786 /* iOSSnapshotTestCase in Frameworks */,
			);
			runOnlyForDeploymentPostprocessing = 0;
		};
/* End PBXFrameworksBuildPhase section */

/* Begin PBXGroup section */
		7E61FAA02BA51A6B005C9786 /* Scenes */ = {
			isa = PBXGroup;
			children = (
				7E61FAA12BA51A7B005C9786 /* ReceiptList */,
			);
			path = Scenes;
			sourceTree = "<group>";
		};
		7E61FAA12BA51A7B005C9786 /* ReceiptList */ = {
			isa = PBXGroup;
			children = (
				7EA542CD2BA62BE700F2E3AB /* Doubles */,
				7E61FAA22BA51A86005C9786 /* View */,
				7EA542CB2BA6277500F2E3AB /* ReceiptListViewControllerTests.swift */,
			);
			path = ReceiptList;
			sourceTree = "<group>";
		};
		7E61FAA22BA51A86005C9786 /* View */ = {
			isa = PBXGroup;
			children = (
				7E61FAA82BA54A26005C9786 /* Doubles */,
				7E61FAA32BA51A97005C9786 /* ReceiptListViewCellTests.swift */,
				7EA542D02BA6721D00F2E3AB /* ReceiptListViewTests.swift */,
			);
			path = View;
			sourceTree = "<group>";
		};
		7E61FAA82BA54A26005C9786 /* Doubles */ = {
			isa = PBXGroup;
			children = (
				7E61FAA92BA54A34005C9786 /* ReceiptListViewModelCell+Stub.swift */,
			);
			path = Doubles;
			sourceTree = "<group>";
		};
		7EA542CD2BA62BE700F2E3AB /* Doubles */ = {
			isa = PBXGroup;
			children = (
				7EA542CE2BA62BEF00F2E3AB /* ReceiptListViewSpy.swift */,
			);
			path = Doubles;
			sourceTree = "<group>";
		};
		7EA542D22BA673E800F2E3AB /* Receipt */ = {
			isa = PBXGroup;
			children = (
				7EA542D32BA6749300F2E3AB /* View */,
				7EA542D42BA674AA00F2E3AB /* ReceiptViewController.swift */,
			);
			path = Receipt;
			sourceTree = "<group>";
		};
		7EA542D32BA6749300F2E3AB /* View */ = {
			isa = PBXGroup;
			children = (
				7EA542D62BA6750100F2E3AB /* ReceiptView.swift */,
			);
			path = View;
			sourceTree = "<group>";
		};
		7EA542D82BA6774B00F2E3AB /* Commons */ = {
			isa = PBXGroup;
			children = (
				7EE14B5A2BA0D83400046883 /* Model */,
				7EA542D92BA6776500F2E3AB /* Views */,
			);
			path = Commons;
			sourceTree = "<group>";
		};
		7EA542D92BA6776500F2E3AB /* Views */ = {
			isa = PBXGroup;
			children = (
			);
			path = Views;
			sourceTree = "<group>";
		};
		7EE14B5A2BA0D83400046883 /* Model */ = {
			isa = PBXGroup;
			children = (
				7EE14B5C2BA0D95F00046883 /* ReceiptData.swift */,
			);
			path = Model;
			sourceTree = "<group>";
		};
		7EFF51802B9FDCA4004EDED5 = {
			isa = PBXGroup;
			children = (
				7EFF518B2B9FDCA4004EDED5 /* ReceiptApp */,
				7EFF51A22B9FDCA5004EDED5 /* ReceiptAppTests */,
				7EFF518A2B9FDCA4004EDED5 /* Products */,
			);
			sourceTree = "<group>";
		};
		7EFF518A2B9FDCA4004EDED5 /* Products */ = {
			isa = PBXGroup;
			children = (
				7EFF51892B9FDCA4004EDED5 /* ReceiptApp.app */,
				7EFF519F2B9FDCA5004EDED5 /* ReceiptAppTests.xctest */,
			);
			name = Products;
			sourceTree = "<group>";
		};
		7EFF518B2B9FDCA4004EDED5 /* ReceiptApp */ = {
			isa = PBXGroup;
			children = (
				7EFF51BC2B9FE027004EDED5 /* AppDelegate */,
				7EFF51BE2B9FE048004EDED5 /* Assets */,
				7EA542D82BA6774B00F2E3AB /* Commons */,
				7EFF51BF2B9FE147004EDED5 /* Scenes */,
				7EFF51BD2B9FE037004EDED5 /* Resources */,
			);
			path = ReceiptApp;
			sourceTree = "<group>";
		};
		7EFF51A22B9FDCA5004EDED5 /* ReceiptAppTests */ = {
			isa = PBXGroup;
			children = (
				7E61FAA02BA51A6B005C9786 /* Scenes */,
			);
			path = ReceiptAppTests;
			sourceTree = "<group>";
		};
		7EFF51BC2B9FE027004EDED5 /* AppDelegate */ = {
			isa = PBXGroup;
			children = (
				7EFF518C2B9FDCA4004EDED5 /* AppDelegate.swift */,
				7EFF518E2B9FDCA4004EDED5 /* SceneDelegate.swift */,
			);
			path = AppDelegate;
			sourceTree = "<group>";
		};
		7EFF51BD2B9FE037004EDED5 /* Resources */ = {
			isa = PBXGroup;
			children = (
				7EFF51972B9FDCA5004EDED5 /* LaunchScreen.storyboard */,
				7EFF519A2B9FDCA5004EDED5 /* Info.plist */,
			);
			path = Resources;
			sourceTree = "<group>";
		};
		7EFF51BE2B9FE048004EDED5 /* Assets */ = {
			isa = PBXGroup;
			children = (
				7EFF51952B9FDCA5004EDED5 /* Assets.xcassets */,
			);
			path = Assets;
			sourceTree = "<group>";
		};
		7EFF51BF2B9FE147004EDED5 /* Scenes */ = {
			isa = PBXGroup;
			children = (
				7EFF51C22B9FE410004EDED5 /* ReceiptList */,
				7EA542D22BA673E800F2E3AB /* Receipt */,
			);
			path = Scenes;
			sourceTree = "<group>";
		};
		7EFF51C22B9FE410004EDED5 /* ReceiptList */ = {
			isa = PBXGroup;
			children = (
				7EFF51C32B9FE423004EDED5 /* View */,
				7EFF51C02B9FE343004EDED5 /* ReceiptListViewController.swift */,
				7E88671D2BA072DA008AFE4F /* ReceiptProtocols.swift */,
			);
			path = ReceiptList;
			sourceTree = "<group>";
		};
		7EFF51C32B9FE423004EDED5 /* View */ = {
			isa = PBXGroup;
			children = (
				7EFF51C62B9FEF4F004EDED5 /* ReceiptListViewCell.swift */,
				7EFF51C42B9FE42F004EDED5 /* ReceiptListView.swift */,
				7E8867202BA0756A008AFE4F /* ReceiptListViewModelCell.swift */,
			);
			path = View;
			sourceTree = "<group>";
		};
/* End PBXGroup section */

/* Begin PBXNativeTarget section */
		7EFF51882B9FDCA4004EDED5 /* ReceiptApp */ = {
			isa = PBXNativeTarget;
			buildConfigurationList = 7EFF51B32B9FDCA5004EDED5 /* Build configuration list for PBXNativeTarget "ReceiptApp" */;
			buildPhases = (
				7EFF51852B9FDCA4004EDED5 /* Sources */,
				7EFF51862B9FDCA4004EDED5 /* Frameworks */,
				7EFF51872B9FDCA4004EDED5 /* Resources */,
			);
			buildRules = (
			);
			dependencies = (
			);
			name = ReceiptApp;
			packageProductDependencies = (
			);
			productName = ReceiptApp;
			productReference = 7EFF51892B9FDCA4004EDED5 /* ReceiptApp.app */;
			productType = "com.apple.product-type.application";
		};
		7EFF519E2B9FDCA5004EDED5 /* ReceiptAppTests */ = {
			isa = PBXNativeTarget;
			buildConfigurationList = 7EFF51B62B9FDCA5004EDED5 /* Build configuration list for PBXNativeTarget "ReceiptAppTests" */;
			buildPhases = (
				7EFF519B2B9FDCA5004EDED5 /* Sources */,
				7EFF519C2B9FDCA5004EDED5 /* Frameworks */,
				7EFF519D2B9FDCA5004EDED5 /* Resources */,
			);
			buildRules = (
			);
			dependencies = (
				7EFF51A12B9FDCA5004EDED5 /* PBXTargetDependency */,
			);
			name = ReceiptAppTests;
			packageProductDependencies = (
				7E61FAA62BA5458D005C9786 /* iOSSnapshotTestCase */,
			);
			productName = ReceiptAppTests;
			productReference = 7EFF519F2B9FDCA5004EDED5 /* ReceiptAppTests.xctest */;
			productType = "com.apple.product-type.bundle.unit-test";
		};
/* End PBXNativeTarget section */

/* Begin PBXProject section */
		7EFF51812B9FDCA4004EDED5 /* Project object */ = {
			isa = PBXProject;
			attributes = {
				BuildIndependentTargetsInParallel = 1;
				LastSwiftUpdateCheck = 1520;
				LastUpgradeCheck = 1520;
				TargetAttributes = {
					7EFF51882B9FDCA4004EDED5 = {
						CreatedOnToolsVersion = 15.2;
					};
					7EFF519E2B9FDCA5004EDED5 = {
						CreatedOnToolsVersion = 15.2;
						LastSwiftMigration = 1520;
						TestTargetID = 7EFF51882B9FDCA4004EDED5;
					};
				};
			};
			buildConfigurationList = 7EFF51842B9FDCA4004EDED5 /* Build configuration list for PBXProject "ReceiptApp" */;
			compatibilityVersion = "Xcode 14.0";
			developmentRegion = en;
			hasScannedForEncodings = 0;
			knownRegions = (
				en,
				Base,
			);
			mainGroup = 7EFF51802B9FDCA4004EDED5;
			packageReferences = (
				7E61FAA52BA5458D005C9786 /* XCRemoteSwiftPackageReference "ios-snapshot-test-case" */,
			);
			productRefGroup = 7EFF518A2B9FDCA4004EDED5 /* Products */;
			projectDirPath = "";
			projectRoot = "";
			targets = (
				7EFF51882B9FDCA4004EDED5 /* ReceiptApp */,
				7EFF519E2B9FDCA5004EDED5 /* ReceiptAppTests */,
			);
		};
/* End PBXProject section */

/* Begin PBXResourcesBuildPhase section */
		7EFF51872B9FDCA4004EDED5 /* Resources */ = {
			isa = PBXResourcesBuildPhase;
			buildActionMask = 2147483647;
			files = (
				7EFF51992B9FDCA5004EDED5 /* LaunchScreen.storyboard in Resources */,
				7EFF51962B9FDCA5004EDED5 /* Assets.xcassets in Resources */,
			);
			runOnlyForDeploymentPostprocessing = 0;
		};
		7EFF519D2B9FDCA5004EDED5 /* Resources */ = {
			isa = PBXResourcesBuildPhase;
			buildActionMask = 2147483647;
			files = (
			);
			runOnlyForDeploymentPostprocessing = 0;
		};
/* End PBXResourcesBuildPhase section */

/* Begin PBXSourcesBuildPhase section */
		7EFF51852B9FDCA4004EDED5 /* Sources */ = {
			isa = PBXSourcesBuildPhase;
			buildActionMask = 2147483647;
			files = (
				7E88671E2BA072DA008AFE4F /* ReceiptProtocols.swift in Sources */,
				7EFF51C12B9FE343004EDED5 /* ReceiptListViewController.swift in Sources */,
				7EFF51C72B9FEF4F004EDED5 /* ReceiptListViewCell.swift in Sources */,
				7EA542D52BA674AA00F2E3AB /* ReceiptViewController.swift in Sources */,
				7EFF518D2B9FDCA4004EDED5 /* AppDelegate.swift in Sources */,
				7EFF518F2B9FDCA4004EDED5 /* SceneDelegate.swift in Sources */,
				7EFF51C52B9FE42F004EDED5 /* ReceiptListView.swift in Sources */,
				7EA542D72BA6750100F2E3AB /* ReceiptView.swift in Sources */,
				7EE14B5D2BA0D95F00046883 /* ReceiptData.swift in Sources */,
				7E8867212BA0756A008AFE4F /* ReceiptListViewModelCell.swift in Sources */,
			);
			runOnlyForDeploymentPostprocessing = 0;
		};
		7EFF519B2B9FDCA5004EDED5 /* Sources */ = {
			isa = PBXSourcesBuildPhase;
			buildActionMask = 2147483647;
			files = (
				7EA542CC2BA6277500F2E3AB /* ReceiptListViewControllerTests.swift in Sources */,
				7EA542D12BA6721D00F2E3AB /* ReceiptListViewTests.swift in Sources */,
				7E61FAA42BA51A97005C9786 /* ReceiptListViewCellTests.swift in Sources */,
				7EA542CF2BA62BEF00F2E3AB /* ReceiptListViewSpy.swift in Sources */,
				7E61FAAA2BA54A34005C9786 /* ReceiptListViewModelCell+Stub.swift in Sources */,
			);
			runOnlyForDeploymentPostprocessing = 0;
		};
/* End PBXSourcesBuildPhase section */

/* Begin PBXTargetDependency section */
		7EFF51A12B9FDCA5004EDED5 /* PBXTargetDependency */ = {
			isa = PBXTargetDependency;
			target = 7EFF51882B9FDCA4004EDED5 /* ReceiptApp */;
			targetProxy = 7EFF51A02B9FDCA5004EDED5 /* PBXContainerItemProxy */;
		};
/* End PBXTargetDependency section */

/* Begin PBXVariantGroup section */
		7EFF51972B9FDCA5004EDED5 /* LaunchScreen.storyboard */ = {
			isa = PBXVariantGroup;
			children = (
				7EFF51982B9FDCA5004EDED5 /* Base */,
			);
			name = LaunchScreen.storyboard;
			sourceTree = "<group>";
		};
/* End PBXVariantGroup section */

/* Begin XCBuildConfiguration section */
		7EFF51B12B9FDCA5004EDED5 /* Debug */ = {
			isa = XCBuildConfiguration;
			buildSettings = {
				ALWAYS_SEARCH_USER_PATHS = NO;
				ASSETCATALOG_COMPILER_GENERATE_SWIFT_ASSET_SYMBOL_EXTENSIONS = YES;
				CLANG_ANALYZER_NONNULL = YES;
				CLANG_ANALYZER_NUMBER_OBJECT_CONVERSION = YES_AGGRESSIVE;
				CLANG_CXX_LANGUAGE_STANDARD = "gnu++20";
				CLANG_ENABLE_MODULES = YES;
				CLANG_ENABLE_OBJC_ARC = YES;
				CLANG_ENABLE_OBJC_WEAK = YES;
				CLANG_WARN_BLOCK_CAPTURE_AUTORELEASING = YES;
				CLANG_WARN_BOOL_CONVERSION = YES;
				CLANG_WARN_COMMA = YES;
				CLANG_WARN_CONSTANT_CONVERSION = YES;
				CLANG_WARN_DEPRECATED_OBJC_IMPLEMENTATIONS = YES;
				CLANG_WARN_DIRECT_OBJC_ISA_USAGE = YES_ERROR;
				CLANG_WARN_DOCUMENTATION_COMMENTS = YES;
				CLANG_WARN_EMPTY_BODY = YES;
				CLANG_WARN_ENUM_CONVERSION = YES;
				CLANG_WARN_INFINITE_RECURSION = YES;
				CLANG_WARN_INT_CONVERSION = YES;
				CLANG_WARN_NON_LITERAL_NULL_CONVERSION = YES;
				CLANG_WARN_OBJC_IMPLICIT_RETAIN_SELF = YES;
				CLANG_WARN_OBJC_LITERAL_CONVERSION = YES;
				CLANG_WARN_OBJC_ROOT_CLASS = YES_ERROR;
				CLANG_WARN_QUOTED_INCLUDE_IN_FRAMEWORK_HEADER = YES;
				CLANG_WARN_RANGE_LOOP_ANALYSIS = YES;
				CLANG_WARN_STRICT_PROTOTYPES = YES;
				CLANG_WARN_SUSPICIOUS_MOVE = YES;
				CLANG_WARN_UNGUARDED_AVAILABILITY = YES_AGGRESSIVE;
				CLANG_WARN_UNREACHABLE_CODE = YES;
				CLANG_WARN__DUPLICATE_METHOD_MATCH = YES;
				COPY_PHASE_STRIP = NO;
				DEBUG_INFORMATION_FORMAT = dwarf;
				ENABLE_STRICT_OBJC_MSGSEND = YES;
				ENABLE_TESTABILITY = YES;
				ENABLE_USER_SCRIPT_SANDBOXING = YES;
				GCC_C_LANGUAGE_STANDARD = gnu17;
				GCC_DYNAMIC_NO_PIC = NO;
				GCC_NO_COMMON_BLOCKS = YES;
				GCC_OPTIMIZATION_LEVEL = 0;
				GCC_PREPROCESSOR_DEFINITIONS = (
					"DEBUG=1",
					"$(inherited)",
				);
				GCC_WARN_64_TO_32_BIT_CONVERSION = YES;
				GCC_WARN_ABOUT_RETURN_TYPE = YES_ERROR;
				GCC_WARN_UNDECLARED_SELECTOR = YES;
				GCC_WARN_UNINITIALIZED_AUTOS = YES_AGGRESSIVE;
				GCC_WARN_UNUSED_FUNCTION = YES;
				GCC_WARN_UNUSED_VARIABLE = YES;
				IPHONEOS_DEPLOYMENT_TARGET = 17.2;
				LOCALIZATION_PREFERS_STRING_CATALOGS = YES;
				MTL_ENABLE_DEBUG_INFO = INCLUDE_SOURCE;
				MTL_FAST_MATH = YES;
				ONLY_ACTIVE_ARCH = YES;
				SDKROOT = iphoneos;
				SWIFT_ACTIVE_COMPILATION_CONDITIONS = "DEBUG $(inherited)";
				SWIFT_OPTIMIZATION_LEVEL = "-Onone";
			};
			name = Debug;
		};
		7EFF51B22B9FDCA5004EDED5 /* Release */ = {
			isa = XCBuildConfiguration;
			buildSettings = {
				ALWAYS_SEARCH_USER_PATHS = NO;
				ASSETCATALOG_COMPILER_GENERATE_SWIFT_ASSET_SYMBOL_EXTENSIONS = YES;
				CLANG_ANALYZER_NONNULL = YES;
				CLANG_ANALYZER_NUMBER_OBJECT_CONVERSION = YES_AGGRESSIVE;
				CLANG_CXX_LANGUAGE_STANDARD = "gnu++20";
				CLANG_ENABLE_MODULES = YES;
				CLANG_ENABLE_OBJC_ARC = YES;
				CLANG_ENABLE_OBJC_WEAK = YES;
				CLANG_WARN_BLOCK_CAPTURE_AUTORELEASING = YES;
				CLANG_WARN_BOOL_CONVERSION = YES;
				CLANG_WARN_COMMA = YES;
				CLANG_WARN_CONSTANT_CONVERSION = YES;
				CLANG_WARN_DEPRECATED_OBJC_IMPLEMENTATIONS = YES;
				CLANG_WARN_DIRECT_OBJC_ISA_USAGE = YES_ERROR;
				CLANG_WARN_DOCUMENTATION_COMMENTS = YES;
				CLANG_WARN_EMPTY_BODY = YES;
				CLANG_WARN_ENUM_CONVERSION = YES;
				CLANG_WARN_INFINITE_RECURSION = YES;
				CLANG_WARN_INT_CONVERSION = YES;
				CLANG_WARN_NON_LITERAL_NULL_CONVERSION = YES;
				CLANG_WARN_OBJC_IMPLICIT_RETAIN_SELF = YES;
				CLANG_WARN_OBJC_LITERAL_CONVERSION = YES;
				CLANG_WARN_OBJC_ROOT_CLASS = YES_ERROR;
				CLANG_WARN_QUOTED_INCLUDE_IN_FRAMEWORK_HEADER = YES;
				CLANG_WARN_RANGE_LOOP_ANALYSIS = YES;
				CLANG_WARN_STRICT_PROTOTYPES = YES;
				CLANG_WARN_SUSPICIOUS_MOVE = YES;
				CLANG_WARN_UNGUARDED_AVAILABILITY = YES_AGGRESSIVE;
				CLANG_WARN_UNREACHABLE_CODE = YES;
				CLANG_WARN__DUPLICATE_METHOD_MATCH = YES;
				COPY_PHASE_STRIP = NO;
				DEBUG_INFORMATION_FORMAT = "dwarf-with-dsym";
				ENABLE_NS_ASSERTIONS = NO;
				ENABLE_STRICT_OBJC_MSGSEND = YES;
				ENABLE_USER_SCRIPT_SANDBOXING = YES;
				GCC_C_LANGUAGE_STANDARD = gnu17;
				GCC_NO_COMMON_BLOCKS = YES;
				GCC_WARN_64_TO_32_BIT_CONVERSION = YES;
				GCC_WARN_ABOUT_RETURN_TYPE = YES_ERROR;
				GCC_WARN_UNDECLARED_SELECTOR = YES;
				GCC_WARN_UNINITIALIZED_AUTOS = YES_AGGRESSIVE;
				GCC_WARN_UNUSED_FUNCTION = YES;
				GCC_WARN_UNUSED_VARIABLE = YES;
				IPHONEOS_DEPLOYMENT_TARGET = 17.2;
				LOCALIZATION_PREFERS_STRING_CATALOGS = YES;
				MTL_ENABLE_DEBUG_INFO = NO;
				MTL_FAST_MATH = YES;
				SDKROOT = iphoneos;
				SWIFT_COMPILATION_MODE = wholemodule;
				VALIDATE_PRODUCT = YES;
			};
			name = Release;
		};
		7EFF51B42B9FDCA5004EDED5 /* Debug */ = {
			isa = XCBuildConfiguration;
			buildSettings = {
				ASSETCATALOG_COMPILER_APPICON_NAME = AppIcon;
				ASSETCATALOG_COMPILER_GLOBAL_ACCENT_COLOR_NAME = AccentColor;
				CODE_SIGN_STYLE = Automatic;
				CURRENT_PROJECT_VERSION = 1;
				DEVELOPMENT_TEAM = QXX4852TTD;
				GENERATE_INFOPLIST_FILE = YES;
				INFOPLIST_FILE = ReceiptApp/Resources/Info.plist;
				INFOPLIST_KEY_UIApplicationSupportsIndirectInputEvents = YES;
				INFOPLIST_KEY_UILaunchStoryboardName = LaunchScreen;
				INFOPLIST_KEY_UIMainStoryboardFile = "";
				INFOPLIST_KEY_UISupportedInterfaceOrientations = UIInterfaceOrientationPortrait;
				INFOPLIST_KEY_UISupportedInterfaceOrientations_iPad = "UIInterfaceOrientationLandscapeLeft UIInterfaceOrientationLandscapeRight UIInterfaceOrientationPortrait UIInterfaceOrientationPortraitUpsideDown";
				LD_RUNPATH_SEARCH_PATHS = (
					"$(inherited)",
					"@executable_path/Frameworks",
				);
				MARKETING_VERSION = 1.0;
				PRODUCT_BUNDLE_IDENTIFIER = brunosilva.ReceiptApp;
				PRODUCT_NAME = "$(TARGET_NAME)";
				SUPPORTED_PLATFORMS = "iphoneos iphonesimulator";
				SUPPORTS_MACCATALYST = NO;
				SUPPORTS_MAC_DESIGNED_FOR_IPHONE_IPAD = NO;
				SUPPORTS_XR_DESIGNED_FOR_IPHONE_IPAD = NO;
				SWIFT_EMIT_LOC_STRINGS = YES;
				SWIFT_VERSION = 5.0;
				TARGETED_DEVICE_FAMILY = 1;
			};
			name = Debug;
		};
		7EFF51B52B9FDCA5004EDED5 /* Release */ = {
			isa = XCBuildConfiguration;
			buildSettings = {
				ASSETCATALOG_COMPILER_APPICON_NAME = AppIcon;
				ASSETCATALOG_COMPILER_GLOBAL_ACCENT_COLOR_NAME = AccentColor;
				CODE_SIGN_STYLE = Automatic;
				CURRENT_PROJECT_VERSION = 1;
				DEVELOPMENT_TEAM = QXX4852TTD;
				GENERATE_INFOPLIST_FILE = YES;
				INFOPLIST_FILE = ReceiptApp/Resources/Info.plist;
				INFOPLIST_KEY_UIApplicationSupportsIndirectInputEvents = YES;
				INFOPLIST_KEY_UILaunchStoryboardName = LaunchScreen;
				INFOPLIST_KEY_UIMainStoryboardFile = "";
				INFOPLIST_KEY_UISupportedInterfaceOrientations = UIInterfaceOrientationPortrait;
				INFOPLIST_KEY_UISupportedInterfaceOrientations_iPad = "UIInterfaceOrientationLandscapeLeft UIInterfaceOrientationLandscapeRight UIInterfaceOrientationPortrait UIInterfaceOrientationPortraitUpsideDown";
				LD_RUNPATH_SEARCH_PATHS = (
					"$(inherited)",
					"@executable_path/Frameworks",
				);
				MARKETING_VERSION = 1.0;
				PRODUCT_BUNDLE_IDENTIFIER = brunosilva.ReceiptApp;
				PRODUCT_NAME = "$(TARGET_NAME)";
				SUPPORTED_PLATFORMS = "iphoneos iphonesimulator";
				SUPPORTS_MACCATALYST = NO;
				SUPPORTS_MAC_DESIGNED_FOR_IPHONE_IPAD = NO;
				SUPPORTS_XR_DESIGNED_FOR_IPHONE_IPAD = NO;
				SWIFT_EMIT_LOC_STRINGS = YES;
				SWIFT_VERSION = 5.0;
				TARGETED_DEVICE_FAMILY = 1;
			};
			name = Release;
		};
		7EFF51B72B9FDCA5004EDED5 /* Debug */ = {
			isa = XCBuildConfiguration;
			buildSettings = {
				ALWAYS_EMBED_SWIFT_STANDARD_LIBRARIES = YES;
				BUNDLE_LOADER = "$(TEST_HOST)";
				CLANG_ENABLE_MODULES = YES;
				CODE_SIGN_STYLE = Automatic;
				CURRENT_PROJECT_VERSION = 1;
				DEVELOPMENT_TEAM = QXX4852TTD;
				GENERATE_INFOPLIST_FILE = YES;
				IPHONEOS_DEPLOYMENT_TARGET = 17.2;
				MARKETING_VERSION = 1.0;
				PRODUCT_BUNDLE_IDENTIFIER = brunosilva.ReceiptAppTests;
				PRODUCT_NAME = "$(TARGET_NAME)";
				SUPPORTED_PLATFORMS = "iphoneos iphonesimulator";
				SUPPORTS_MACCATALYST = NO;
				SUPPORTS_MAC_DESIGNED_FOR_IPHONE_IPAD = NO;
				SUPPORTS_XR_DESIGNED_FOR_IPHONE_IPAD = NO;
				SWIFT_EMIT_LOC_STRINGS = NO;
				SWIFT_OPTIMIZATION_LEVEL = "-Onone";
				SWIFT_VERSION = 5.0;
				TARGETED_DEVICE_FAMILY = 1;
				TEST_HOST = "$(BUILT_PRODUCTS_DIR)/ReceiptApp.app/$(BUNDLE_EXECUTABLE_FOLDER_PATH)/ReceiptApp";
			};
			name = Debug;
		};
		7EFF51B82B9FDCA5004EDED5 /* Release */ = {
			isa = XCBuildConfiguration;
			buildSettings = {
				ALWAYS_EMBED_SWIFT_STANDARD_LIBRARIES = YES;
				BUNDLE_LOADER = "$(TEST_HOST)";
				CLANG_ENABLE_MODULES = YES;
				CODE_SIGN_STYLE = Automatic;
				CURRENT_PROJECT_VERSION = 1;
				DEVELOPMENT_TEAM = QXX4852TTD;
				GENERATE_INFOPLIST_FILE = YES;
				IPHONEOS_DEPLOYMENT_TARGET = 17.2;
				MARKETING_VERSION = 1.0;
				PRODUCT_BUNDLE_IDENTIFIER = brunosilva.ReceiptAppTests;
				PRODUCT_NAME = "$(TARGET_NAME)";
				SUPPORTED_PLATFORMS = "iphoneos iphonesimulator";
				SUPPORTS_MACCATALYST = NO;
				SUPPORTS_MAC_DESIGNED_FOR_IPHONE_IPAD = NO;
				SUPPORTS_XR_DESIGNED_FOR_IPHONE_IPAD = NO;
				SWIFT_EMIT_LOC_STRINGS = NO;
				SWIFT_VERSION = 5.0;
				TARGETED_DEVICE_FAMILY = 1;
				TEST_HOST = "$(BUILT_PRODUCTS_DIR)/ReceiptApp.app/$(BUNDLE_EXECUTABLE_FOLDER_PATH)/ReceiptApp";
			};
			name = Release;
		};
/* End XCBuildConfiguration section */

/* Begin XCConfigurationList section */
		7EFF51842B9FDCA4004EDED5 /* Build configuration list for PBXProject "ReceiptApp" */ = {
			isa = XCConfigurationList;
			buildConfigurations = (
				7EFF51B12B9FDCA5004EDED5 /* Debug */,
				7EFF51B22B9FDCA5004EDED5 /* Release */,
			);
			defaultConfigurationIsVisible = 0;
			defaultConfigurationName = Release;
		};
		7EFF51B32B9FDCA5004EDED5 /* Build configuration list for PBXNativeTarget "ReceiptApp" */ = {
			isa = XCConfigurationList;
			buildConfigurations = (
				7EFF51B42B9FDCA5004EDED5 /* Debug */,
				7EFF51B52B9FDCA5004EDED5 /* Release */,
			);
			defaultConfigurationIsVisible = 0;
			defaultConfigurationName = Release;
		};
		7EFF51B62B9FDCA5004EDED5 /* Build configuration list for PBXNativeTarget "ReceiptAppTests" */ = {
			isa = XCConfigurationList;
			buildConfigurations = (
				7EFF51B72B9FDCA5004EDED5 /* Debug */,
				7EFF51B82B9FDCA5004EDED5 /* Release */,
			);
			defaultConfigurationIsVisible = 0;
			defaultConfigurationName = Release;
		};
/* End XCConfigurationList section */

/* Begin XCRemoteSwiftPackageReference section */
		7E61FAA52BA5458D005C9786 /* XCRemoteSwiftPackageReference "ios-snapshot-test-case" */ = {
			isa = XCRemoteSwiftPackageReference;
			repositoryURL = "https://github.com/uber/ios-snapshot-test-case.git";
			requirement = {
				kind = upToNextMajorVersion;
				minimumVersion = 8.0.0;
			};
		};
/* End XCRemoteSwiftPackageReference section */

/* Begin XCSwiftPackageProductDependency section */
		7E61FAA62BA5458D005C9786 /* iOSSnapshotTestCase */ = {
			isa = XCSwiftPackageProductDependency;
			package = 7E61FAA52BA5458D005C9786 /* XCRemoteSwiftPackageReference "ios-snapshot-test-case" */;
			productName = iOSSnapshotTestCase;
		};
/* End XCSwiftPackageProductDependency section */
	};
	rootObject = 7EFF51812B9FDCA4004EDED5 /* Project object */;
}
